{
  "lockfileVersion": 1,
  "configVersion": 1,
  "workspaces": {
    "": {
      "dependencies": {
        "@honcho-ai/sdk": "^2.1.2",
      },
    },
  },
  "packages": {
    "@honcho-ai/sdk": ["@honcho-ai/sdk@2.1.2", "", { "dependencies": { "zod": "4.0.0" } }, "sha512-+aRpqK1UgRk0b21RYsQy6OeSXTHARQwPcC4Tv+dSR2QFA2q0kM9oUqPBuGG8boiRBrag7DTthx8g1E/Nwoz7OQ=="],

    "zod": ["zod@4.0.0", "", {}, "sha512-9diLdTPc/L7w/5jI4C3gHYNiGHDV9IZYxo1e5LSD8cabi65WVTWWb+g2BGPEpUUCOxR4D+6O5B0AzyMdUAXwrw=="],
  }
}
